// !$*UTF8*$!
{
	archiveVersion = 1;
	classes = {
	};
	objectVersion = 39;
	objects = {
		014CEA4C0018CE3E11CA2923 = {
			buildRules = (
			);
			buildSettings = {
				COPY_PHASE_STRIP = NO;
				DEBUGGING_SYMBOLS = YES;
				GCC_DYNAMIC_NO_PIC = NO;
				GCC_ENABLE_FIX_AND_CONTINUE = YES;
				GCC_GENERATE_DEBUGGING_SYMBOLS = YES;
				GCC_OPTIMIZATION_LEVEL = 0;
				OPTIMIZATION_CFLAGS = "-O0";
			};
			isa = PBXBuildStyle;
			name = Development;
		};
		014CEA4D0018CE3E11CA2923 = {
			buildRules = (
			);
			buildSettings = {
				COPY_PHASE_STRIP = YES;
				GCC_ENABLE_FIX_AND_CONTINUE = NO;
			};
			isa = PBXBuildStyle;
			name = Deployment;
		};
//010
//011
//012
//013
//014
//080
//081
//082
//083
//084
		08FB7793FE84155DC02AAC07 = {
			buildSettings = {
			};
			buildStyles = (
				014CEA4C0018CE3E11CA2923,
				014CEA4D0018CE3E11CA2923,
			);
			hasScannedForEncodings = 1;
			isa = PBXProject;
			mainGroup = 08FB7794FE84155DC02AAC07;
			projectDirPath = "";
			targets = (
				8DD76F840486A9BA00D96B5E,
			);
		};
		08FB7794FE84155DC02AAC07 = {
			children = (
				08FB7795FE84155DC02AAC07,
				08FB779DFE84155DC02AAC07,
				1A8B4A8EFE9D542A11CA2CBB,
			);
			isa = PBXGroup;
			name = FSCopyObject_X_D;
			refType = 4;
			sourceTree = "<group>";
		};
		08FB7795FE84155DC02AAC07 = {
			children = (
				D453246005B3E83B007EC99B,
				D453246105B3E83B007EC99B,
				D453246205B3E83B007EC99B,
				D453246305B3E83B007EC99B,
				D453246405B3E83B007EC99B,
			);
			isa = PBXGroup;
			name = Source;
			refType = 4;
			sourceTree = "<group>";
		};
		08FB779DFE84155DC02AAC07 = {
			children = (
				097DBE83FE8419DDC02AAC07,
			);
			isa = PBXGroup;
			name = "External Frameworks and Libraries";
			refType = 4;
			sourceTree = "<group>";
		};
//080
//081
//082
//083
//084
//090
//091
//092
//093
//094
		097DBE83FE8419DDC02AAC07 = {
			fallbackIsa = PBXFileReference;
			isa = PBXFrameworkReference;
			lastKnownFileType = wrapper.framework;
			name = CoreServices.framework;
			path = /System/Library/Frameworks/CoreServices.framework;
			refType = 0;
			sourceTree = "<absolute>";
		};
//090
//091
//092
//093
//094
//1A0
//1A1
//1A2
//1A3
//1A4
		1A8B4A8EFE9D542A11CA2CBB = {
			children = (
				8DD76F8E0486A9BA00D96B5E,
			);
			isa = PBXGroup;
			name = Products;
			refType = 4;
			sourceTree = "<group>";
		};
//1A0
//1A1
//1A2
//1A3
//1A4
//8D0
//8D1
//8D2
//8D3
//8D4
		8DD76F840486A9BA00D96B5E = {
			buildPhases = (
				8DD76F850486A9BA00D96B5E,
				8DD76F860486A9BA00D96B5E,
				8DD76F880486A9BA00D96B5E,
				8DD76F8A0486A9BA00D96B5E,
				8DD76F8B0486A9BA00D96B5E,
			);
			buildRules = (
			);
			buildSettings = {
				FRAMEWORK_SEARCH_PATHS = "";
				GCC_ENABLE_TRIGRAPHS = NO;
				GCC_GENERATE_DEBUGGING_SYMBOLS = NO;
				GCC_PRECOMPILE_PREFIX_HEADER = NO;
				GCC_WARN_ABOUT_MISSING_PROTOTYPES = NO;
				GCC_WARN_FOUR_CHARACTER_CONSTANTS = NO;
				GCC_WARN_UNKNOWN_PRAGMAS = NO;
				HEADER_SEARCH_PATHS = "";
				INSTALL_PATH = "$(HOME)/bin";
				LIBRARY_SEARCH_PATHS = "";
				OTHER_CFLAGS = "";
				OTHER_LDFLAGS = "";
				OTHER_REZFLAGS = "";
				PRODUCT_NAME = FSCopyObject_X_D;
				REZ_EXECUTABLE = YES;
				SECTORDER_FLAGS = "";
				WARNING_CFLAGS = "-Wmost -Wno-four-char-constants -Wno-unknown-pragmas";
			};
			dependencies = (
			);
			isa = PBXNativeTarget;
			name = FSCopyObject;
			productInstallPath = "$(HOME)/bin";
			productName = FSCopyObject_X_D;
			productReference = 8DD76F8E0486A9BA00D96B5E;
			productType = "com.apple.product-type.tool";
		};
		8DD76F850486A9BA00D96B5E = {
			buildActionMask = 2147483647;
			files = (
				D453246605B3E83B007EC99B,
				D453246805B3E83B007EC99B,
			);
			isa = PBXHeadersBuildPhase;
			runOnlyForDeploymentPostprocessing = 0;
		};
		8DD76F860486A9BA00D96B5E = {
			buildActionMask = 2147483647;
			files = (
				D453246505B3E83B007EC99B,
				D453246705B3E83B007EC99B,
				D453246905B3E83B007EC99B,
			);
			isa = PBXSourcesBuildPhase;
			runOnlyForDeploymentPostprocessing = 0;
		};
		8DD76F880486A9BA00D96B5E = {
			buildActionMask = 2147483647;
			files = (
				8DD76F890486A9BA00D96B5E,
			);
			isa = PBXFrameworksBuildPhase;
			runOnlyForDeploymentPostprocessing = 0;
		};
		8DD76F890486A9BA00D96B5E = {
			fileRef = 097DBE83FE8419DDC02AAC07;
			isa = PBXBuildFile;
			settings = {
			};
		};
		8DD76F8A0486A9BA00D96B5E = {
			buildActionMask = 2147483647;
			files = (
			);
			isa = PBXRezBuildPhase;
			runOnlyForDeploymentPostprocessing = 0;
		};
		8DD76F8B0486A9BA00D96B5E = {
			buildActionMask = 8;
			dstPath = /usr/share/man/man1/;
			dstSubfolderSpec = 0;
			files = (
			);
			isa = PBXCopyFilesBuildPhase;
			runOnlyForDeploymentPostprocessing = 1;
		};
		8DD76F8E0486A9BA00D96B5E = {
			explicitFileType = "compiled.mach-o.executable";
			includeInIndex = 0;
			isa = PBXFileReference;
			path = FSCopyObject_X_D;
			refType = 3;
			sourceTree = BUILT_PRODUCTS_DIR;
		};
//8D0
//8D1
//8D2
//8D3
//8D4
//D40
//D41
//D42
//D43
//D44
		D453246005B3E83B007EC99B = {
			fileEncoding = 30;
			isa = PBXFileReference;
			lastKnownFileType = sourcecode.c.c;
			name = FSCopyObject.c;
			path = Sources/FSCopyObject.c;
			refType = 4;
			sourceTree = "<group>";
		};
		D453246105B3E83B007EC99B = {
			fileEncoding = 30;
			isa = PBXFileReference;
			lastKnownFileType = sourcecode.c.h;
			name = FSCopyObject.h;
			path = Sources/FSCopyObject.h;
			refType = 4;
			sourceTree = "<group>";
		};
		D453246205B3E83B007EC99B = {
			fileEncoding = 30;
			isa = PBXFileReference;
			lastKnownFileType = sourcecode.c.c;
			name = GenLinkedList.c;
			path = Sources/GenLinkedList.c;
			refType = 4;
			sourceTree = "<group>";
		};
		D453246305B3E83B007EC99B = {
			fileEncoding = 30;
			isa = PBXFileReference;
			lastKnownFileType = sourcecode.c.h;
			name = GenLinkedList.h;
			path = Sources/GenLinkedList.h;
			refType = 4;
			sourceTree = "<group>";
		};
		D453246405B3E83B007EC99B = {
			fileEncoding = 30;
			isa = PBXFileReference;
			lastKnownFileType = sourcecode.c.c;
			name = HelloWorldTool.c;
			path = Sources/HelloWorldTool.c;
			refType = 4;
			sourceTree = "<group>";
		};
		D453246505B3E83B007EC99B = {
			fileRef = D453246005B3E83B007EC99B;
			isa = PBXBuildFile;
			settings = {
			};
		};
		D453246605B3E83B007EC99B = {
			fileRef = D453246105B3E83B007EC99B;
			isa = PBXBuildFile;
			settings = {
			};
		};
		D453246705B3E83B007EC99B = {
			fileRef = D453246205B3E83B007EC99B;
			isa = PBXBuildFile;
			settings = {
			};
		};
		D453246805B3E83B007EC99B = {
			fileRef = D453246305B3E83B007EC99B;
			isa = PBXBuildFile;
			settings = {
			};
		};
		D453246905B3E83B007EC99B = {
			fileRef = D453246405B3E83B007EC99B;
			isa = PBXBuildFile;
			settings = {
			};
		};
	};
	rootObject = 08FB7793FE84155DC02AAC07;
}
