Microsoft Visual Studio Solution File, Format Version 8.00
Project("{8BC9CEB8-8B4A-11D0-8D11-00A0C91BC942}") = "Frontier", "Frontier.vcproj", "{D834EFC1-8805-4046-9A49-F9925A0808EF}"
	ProjectSection(ProjectDependencies) = postProject
	EndProjectSection
EndProject
Global
	GlobalSection(SourceCodeControl) = preSolution
		SccNumberOfProjects = 1
		SccProjectUniqueName0 = Frontier.vcproj
		SccProjectName0 = \u0022$/Frontier/Projects/Winland\u0022,\u0020CNAAAAAA
		SccLocalPath0 = .
		SccProvider0 = MSSCCI:Microsoft\u0020Visual\u0020SourceSafe
	EndGlobalSection
	GlobalSection(SolutionConfiguration) = preSolution
		DbTracker = DbTracker
		Debug = Debug
		MemTracker = MemTracker
		Release = Release
	EndGlobalSection
	GlobalSection(ProjectConfiguration) = postSolution
		{D834EFC1-8805-4046-9A49-F9925A0808EF}.DbTracker.ActiveCfg = DbTracker|Win32
		{D834EFC1-8805-4046-9A49-F9925A0808EF}.DbTracker.Build.0 = DbTracker|Win32
		{D834EFC1-8805-4046-9A49-F9925A0808EF}.Debug.ActiveCfg = Debug|Win32
		{D834EFC1-8805-4046-9A49-F9925A0808EF}.Debug.Build.0 = Debug|Win32
		{D834EFC1-8805-4046-9A49-F9925A0808EF}.MemTracker.ActiveCfg = MemTracker|Win32
		{D834EFC1-8805-4046-9A49-F9925A0808EF}.MemTracker.Build.0 = MemTracker|Win32
		{D834EFC1-8805-4046-9A49-F9925A0808EF}.Release.ActiveCfg = Release|Win32
		{D834EFC1-8805-4046-9A49-F9925A0808EF}.Release.Build.0 = Release|Win32
	EndGlobalSection
	GlobalSection(ExtensibilityGlobals) = postSolution
	EndGlobalSection
	GlobalSection(ExtensibilityAddIns) = postSolution
	EndGlobalSection
EndGlobal
