
Microsoft Visual Studio Solution File, Format Version 9.00
# Visual Studio 2005
Project("{8BC9CEB8-8B4A-11D0-8D11-00A0C91BC942}") = "Frontier", "Frontier.vcproj", "{D834EFC1-8805-4046-9A49-F9925A0808EF}"
EndProject
Global
	GlobalSection(SolutionConfigurationPlatforms) = preSolution
		DbTracker|Win32 = DbTracker|Win32
		Debug|Win32 = Debug|Win32
		MemTracker|Win32 = MemTracker|Win32
		Release|Win32 = Release|Win32
	EndGlobalSection
	GlobalSection(ProjectConfigurationPlatforms) = postSolution
		{D834EFC1-8805-4046-9A49-F9925A0808EF}.DbTracker|Win32.ActiveCfg = DbTracker|Win32
		{D834EFC1-8805-4046-9A49-F9925A0808EF}.DbTracker|Win32.Build.0 = DbTracker|Win32
		{D834EFC1-8805-4046-9A49-F9925A0808EF}.Debug|Win32.ActiveCfg = Debug|Win32
		{D834EFC1-8805-4046-9A49-F9925A0808EF}.Debug|Win32.Build.0 = Debug|Win32
		{D834EFC1-8805-4046-9A49-F9925A0808EF}.MemTracker|Win32.ActiveCfg = MemTracker|Win32
		{D834EFC1-8805-4046-9A49-F9925A0808EF}.MemTracker|Win32.Build.0 = MemTracker|Win32
		{D834EFC1-8805-4046-9A49-F9925A0808EF}.Release|Win32.ActiveCfg = Release|Win32
		{D834EFC1-8805-4046-9A49-F9925A0808EF}.Release|Win32.Build.0 = Release|Win32
	EndGlobalSection
	GlobalSection(SolutionProperties) = preSolution
		HideSolutionNode = FALSE
	EndGlobalSection
EndGlobal
